
Microsoft Visual Studio Solution File, Format Version 12.00
# Visual Studio 15
VisualStudioVersion = 15.0.28307.421
MinimumVisualStudioVersion = 10.0.40219.1
Project("{FAE04EC0-301F-11D3-BF4B-00C04F79EFBC}") = "EiadaClinic", "EiadaClinic\EiadaClinic.csproj", "{D998402A-041C-46BD-915D-3B87D85C217F}"
EndProject
Global
	GlobalSection(SolutionConfigurationPlatforms) = preSolution
		Debug|Any CPU = Debug|Any CPU
		Release|Any CPU = Release|Any CPU
	EndGlobalSection
	GlobalSection(ProjectConfigurationPlatforms) = postSolution
		{D998402A-041C-46BD-915D-3B87D85C217F}.Debug|Any CPU.ActiveCfg = Debug|Any CPU
		{D998402A-041C-46BD-915D-3B87D85C217F}.Debug|Any CPU.Build.0 = Debug|Any CPU
		{D998402A-041C-46BD-915D-3B87D85C217F}.Release|Any CPU.ActiveCfg = Release|Any CPU
		{D998402A-041C-46BD-915D-3B87D85C217F}.Release|Any CPU.Build.0 = Release|Any CPU
	EndGlobalSection
	GlobalSection(SolutionProperties) = preSolution
		HideSolutionNode = FALSE
	EndGlobalSection
	GlobalSection(ExtensibilityGlobals) = postSolution
		SolutionGuid = {306E2154-295E-439D-BF34-E40688286ED7}
	EndGlobalSection
EndGlobal
